// !$*UTF8*$!
{
	archiveVersion = 1;
	classes = {
	};
	objectVersion = 56;
	objects = {

/* Begin PBXBuildFile section */
		479930969C15551A36AD84D6 /* libPods-V2 textFields var 3-V2 textFields var 3UITests.a in Frameworks */ = {isa = PBXBuildFile; fileRef = 6291C734A1D99664E203CECE /* libPods-V2 textFields var 3-V2 textFields var 3UITests.a */; };
		597254D27A476F1C2B61DB0E /* libPods-V2 textFields var 3.a in Frameworks */ = {isa = PBXBuildFile; fileRef = FC8932A49F0497A45181E083 /* libPods-V2 textFields var 3.a */; };
		EB10F22E8B310F71F2294DAC /* libPods-V2 textFields var 3Tests.a in Frameworks */ = {isa = PBXBuildFile; fileRef = 65D2F36E7405571E75115E61 /* libPods-V2 textFields var 3Tests.a */; };
		FA96952C29B658E5001F362B /* Rubik-SemiBold.ttf in Resources */ = {isa = PBXBuildFile; fileRef = FA96952929B658E5001F362B /* Rubik-SemiBold.ttf */; };
		FA96952D29B658E5001F362B /* Rubik-Medium.ttf in Resources */ = {isa = PBXBuildFile; fileRef = FA96952A29B658E5001F362B /* Rubik-Medium.ttf */; };
		FA96952E29B658E5001F362B /* Rubik-Regular.ttf in Resources */ = {isa = PBXBuildFile; fileRef = FA96952B29B658E5001F362B /* Rubik-Regular.ttf */; };
		FAA2EA2629B50F1F00C561E9 /* AppDelegate.swift in Sources */ = {isa = PBXBuildFile; fileRef = FAA2EA2529B50F1F00C561E9 /* AppDelegate.swift */; };
		FAA2EA2829B50F1F00C561E9 /* SceneDelegate.swift in Sources */ = {isa = PBXBuildFile; fileRef = FAA2EA2729B50F1F00C561E9 /* SceneDelegate.swift */; };
		FAA2EA2F29B50F2300C561E9 /* Assets.xcassets in Resources */ = {isa = PBXBuildFile; fileRef = FAA2EA2E29B50F2300C561E9 /* Assets.xcassets */; };
		FAA2EA3D29B50F2400C561E9 /* V2_textFields_var_3Tests.swift in Sources */ = {isa = PBXBuildFile; fileRef = FAA2EA3C29B50F2400C561E9 /* V2_textFields_var_3Tests.swift */; };
		FAA2EA4729B50F2400C561E9 /* V2_textFields_var_3UITests.swift in Sources */ = {isa = PBXBuildFile; fileRef = FAA2EA4629B50F2400C561E9 /* V2_textFields_var_3UITests.swift */; };
		FAA2EA4929B50F2400C561E9 /* V2_textFields_var_3UITestsLaunchTests.swift in Sources */ = {isa = PBXBuildFile; fileRef = FAA2EA4829B50F2400C561E9 /* V2_textFields_var_3UITestsLaunchTests.swift */; };
		FAA2EA5A29B5136900C561E9 /* NoDigitsView.swift in Sources */ = {isa = PBXBuildFile; fileRef = FAA2EA5929B5136900C561E9 /* NoDigitsView.swift */; };
		FAA2EA5C29B5138B00C561E9 /* InputLimitView.swift in Sources */ = {isa = PBXBuildFile; fileRef = FAA2EA5B29B5138B00C561E9 /* InputLimitView.swift */; };
		FAA2EA5E29B513AF00C561E9 /* OnlyCharView.swift in Sources */ = {isa = PBXBuildFile; fileRef = FAA2EA5D29B513AF00C561E9 /* OnlyCharView.swift */; };
		FAA2EA6029B513CC00C561E9 /* LinkView.swift in Sources */ = {isa = PBXBuildFile; fileRef = FAA2EA5F29B513CC00C561E9 /* LinkView.swift */; };
		FAA2EA6229B513F100C561E9 /* PasswordView.swift in Sources */ = {isa = PBXBuildFile; fileRef = FAA2EA6129B513F100C561E9 /* PasswordView.swift */; };
		FAA563D729B5BFFE000DF576 /* MainViewController.swift in Sources */ = {isa = PBXBuildFile; fileRef = FAA563D629B5BFFE000DF576 /* MainViewController.swift */; };
		FAA563D929B64108000DF576 /* UIResponder+Utils.swift in Sources */ = {isa = PBXBuildFile; fileRef = FAA563D829B64108000DF576 /* UIResponder+Utils.swift */; };
/* End PBXBuildFile section */

/* Begin PBXContainerItemProxy section */
		FAA2EA3929B50F2400C561E9 /* PBXContainerItemProxy */ = {
			isa = PBXContainerItemProxy;
			containerPortal = FAA2EA1A29B50F1E00C561E9 /* Project object */;
			proxyType = 1;
			remoteGlobalIDString = FAA2EA2129B50F1E00C561E9;
			remoteInfo = "V2 textFields var 3";
		};
		FAA2EA4329B50F2400C561E9 /* PBXContainerItemProxy */ = {
			isa = PBXContainerItemProxy;
			containerPortal = FAA2EA1A29B50F1E00C561E9 /* Project object */;
			proxyType = 1;
			remoteGlobalIDString = FAA2EA2129B50F1E00C561E9;
			remoteInfo = "V2 textFields var 3";
		};
/* End PBXContainerItemProxy section */

/* Begin PBXFileReference section */
		0112045A50ED66E81C43BC1C /* Pods-V2 textFields var 3.debug.xcconfig */ = {isa = PBXFileReference; includeInIndex = 1; lastKnownFileType = text.xcconfig; name = "Pods-V2 textFields var 3.debug.xcconfig"; path = "Target Support Files/Pods-V2 textFields var 3/Pods-V2 textFields var 3.debug.xcconfig"; sourceTree = "<group>"; };
		1425BAD2146E4382FF816957 /* Pods-V2 textFields var 3-V2 textFields var 3UITests.debug.xcconfig */ = {isa = PBXFileReference; includeInIndex = 1; lastKnownFileType = text.xcconfig; name = "Pods-V2 textFields var 3-V2 textFields var 3UITests.debug.xcconfig"; path = "Target Support Files/Pods-V2 textFields var 3-V2 textFields var 3UITests/Pods-V2 textFields var 3-V2 textFields var 3UITests.debug.xcconfig"; sourceTree = "<group>"; };
		1FA4B525C6047D631B42F332 /* Pods-V2 textFields var 3.release.xcconfig */ = {isa = PBXFileReference; includeInIndex = 1; lastKnownFileType = text.xcconfig; name = "Pods-V2 textFields var 3.release.xcconfig"; path = "Target Support Files/Pods-V2 textFields var 3/Pods-V2 textFields var 3.release.xcconfig"; sourceTree = "<group>"; };
		6291C734A1D99664E203CECE /* libPods-V2 textFields var 3-V2 textFields var 3UITests.a */ = {isa = PBXFileReference; explicitFileType = archive.ar; includeInIndex = 0; path = "libPods-V2 textFields var 3-V2 textFields var 3UITests.a"; sourceTree = BUILT_PRODUCTS_DIR; };
		65D2F36E7405571E75115E61 /* libPods-V2 textFields var 3Tests.a */ = {isa = PBXFileReference; explicitFileType = archive.ar; includeInIndex = 0; path = "libPods-V2 textFields var 3Tests.a"; sourceTree = BUILT_PRODUCTS_DIR; };
		679DAA364AE21AB084134400 /* Pods-V2 textFields var 3-V2 textFields var 3UITests.release.xcconfig */ = {isa = PBXFileReference; includeInIndex = 1; lastKnownFileType = text.xcconfig; name = "Pods-V2 textFields var 3-V2 textFields var 3UITests.release.xcconfig"; path = "Target Support Files/Pods-V2 textFields var 3-V2 textFields var 3UITests/Pods-V2 textFields var 3-V2 textFields var 3UITests.release.xcconfig"; sourceTree = "<group>"; };
		A872FB1BE7E07AA4F7FA766C /* Pods-V2 textFields var 3Tests.release.xcconfig */ = {isa = PBXFileReference; includeInIndex = 1; lastKnownFileType = text.xcconfig; name = "Pods-V2 textFields var 3Tests.release.xcconfig"; path = "Target Support Files/Pods-V2 textFields var 3Tests/Pods-V2 textFields var 3Tests.release.xcconfig"; sourceTree = "<group>"; };
		F29F111057365C62E1A79249 /* Pods-V2 textFields var 3Tests.debug.xcconfig */ = {isa = PBXFileReference; includeInIndex = 1; lastKnownFileType = text.xcconfig; name = "Pods-V2 textFields var 3Tests.debug.xcconfig"; path = "Target Support Files/Pods-V2 textFields var 3Tests/Pods-V2 textFields var 3Tests.debug.xcconfig"; sourceTree = "<group>"; };
		FA96952929B658E5001F362B /* Rubik-SemiBold.ttf */ = {isa = PBXFileReference; lastKnownFileType = file; path = "Rubik-SemiBold.ttf"; sourceTree = "<group>"; };
		FA96952A29B658E5001F362B /* Rubik-Medium.ttf */ = {isa = PBXFileReference; lastKnownFileType = file; path = "Rubik-Medium.ttf"; sourceTree = "<group>"; };
		FA96952B29B658E5001F362B /* Rubik-Regular.ttf */ = {isa = PBXFileReference; lastKnownFileType = file; path = "Rubik-Regular.ttf"; sourceTree = "<group>"; };
		FAA2EA2229B50F1F00C561E9 /* V2 textFields var 3.app */ = {isa = PBXFileReference; explicitFileType = wrapper.application; includeInIndex = 0; path = "V2 textFields var 3.app"; sourceTree = BUILT_PRODUCTS_DIR; };
		FAA2EA2529B50F1F00C561E9 /* AppDelegate.swift */ = {isa = PBXFileReference; lastKnownFileType = sourcecode.swift; path = AppDelegate.swift; sourceTree = "<group>"; };
		FAA2EA2729B50F1F00C561E9 /* SceneDelegate.swift */ = {isa = PBXFileReference; lastKnownFileType = sourcecode.swift; path = SceneDelegate.swift; sourceTree = "<group>"; };
		FAA2EA2E29B50F2300C561E9 /* Assets.xcassets */ = {isa = PBXFileReference; lastKnownFileType = folder.assetcatalog; path = Assets.xcassets; sourceTree = "<group>"; };
		FAA2EA3329B50F2300C561E9 /* Info.plist */ = {isa = PBXFileReference; lastKnownFileType = text.plist.xml; path = Info.plist; sourceTree = "<group>"; };
		FAA2EA3829B50F2400C561E9 /* V2 textFields var 3Tests.xctest */ = {isa = PBXFileReference; explicitFileType = wrapper.cfbundle; includeInIndex = 0; path = "V2 textFields var 3Tests.xctest"; sourceTree = BUILT_PRODUCTS_DIR; };
		FAA2EA3C29B50F2400C561E9 /* V2_textFields_var_3Tests.swift */ = {isa = PBXFileReference; lastKnownFileType = sourcecode.swift; path = V2_textFields_var_3Tests.swift; sourceTree = "<group>"; };
		FAA2EA4229B50F2400C561E9 /* V2 textFields var 3UITests.xctest */ = {isa = PBXFileReference; explicitFileType = wrapper.cfbundle; includeInIndex = 0; path = "V2 textFields var 3UITests.xctest"; sourceTree = BUILT_PRODUCTS_DIR; };
		FAA2EA4629B50F2400C561E9 /* V2_textFields_var_3UITests.swift */ = {isa = PBXFileReference; lastKnownFileType = sourcecode.swift; path = V2_textFields_var_3UITests.swift; sourceTree = "<group>"; };
		FAA2EA4829B50F2400C561E9 /* V2_textFields_var_3UITestsLaunchTests.swift */ = {isa = PBXFileReference; lastKnownFileType = sourcecode.swift; path = V2_textFields_var_3UITestsLaunchTests.swift; sourceTree = "<group>"; };
		FAA2EA5929B5136900C561E9 /* NoDigitsView.swift */ = {isa = PBXFileReference; lastKnownFileType = sourcecode.swift; path = NoDigitsView.swift; sourceTree = "<group>"; };
		FAA2EA5B29B5138B00C561E9 /* InputLimitView.swift */ = {isa = PBXFileReference; lastKnownFileType = sourcecode.swift; path = InputLimitView.swift; sourceTree = "<group>"; };
		FAA2EA5D29B513AF00C561E9 /* OnlyCharView.swift */ = {isa = PBXFileReference; lastKnownFileType = sourcecode.swift; path = OnlyCharView.swift; sourceTree = "<group>"; };
		FAA2EA5F29B513CC00C561E9 /* LinkView.swift */ = {isa = PBXFileReference; lastKnownFileType = sourcecode.swift; path = LinkView.swift; sourceTree = "<group>"; };
		FAA2EA6129B513F100C561E9 /* PasswordView.swift */ = {isa = PBXFileReference; lastKnownFileType = sourcecode.swift; path = PasswordView.swift; sourceTree = "<group>"; };
		FAA563D629B5BFFE000DF576 /* MainViewController.swift */ = {isa = PBXFileReference; lastKnownFileType = sourcecode.swift; path = MainViewController.swift; sourceTree = "<group>"; };
		FAA563D829B64108000DF576 /* UIResponder+Utils.swift */ = {isa = PBXFileReference; lastKnownFileType = sourcecode.swift; path = "UIResponder+Utils.swift"; sourceTree = "<group>"; };
		FC8932A49F0497A45181E083 /* libPods-V2 textFields var 3.a */ = {isa = PBXFileReference; explicitFileType = archive.ar; includeInIndex = 0; path = "libPods-V2 textFields var 3.a"; sourceTree = BUILT_PRODUCTS_DIR; };
/* End PBXFileReference section */

/* Begin PBXFrameworksBuildPhase section */
		FAA2EA1F29B50F1E00C561E9 /* Frameworks */ = {
			isa = PBXFrameworksBuildPhase;
			buildActionMask = 2147483647;
			files = (
				597254D27A476F1C2B61DB0E /* libPods-V2 textFields var 3.a in Frameworks */,
			);
			runOnlyForDeploymentPostprocessing = 0;
		};
		FAA2EA3529B50F2400C561E9 /* Frameworks */ = {
			isa = PBXFrameworksBuildPhase;
			buildActionMask = 2147483647;
			files = (
				EB10F22E8B310F71F2294DAC /* libPods-V2 textFields var 3Tests.a in Frameworks */,
			);
			runOnlyForDeploymentPostprocessing = 0;
		};
		FAA2EA3F29B50F2400C561E9 /* Frameworks */ = {
			isa = PBXFrameworksBuildPhase;
			buildActionMask = 2147483647;
			files = (
				479930969C15551A36AD84D6 /* libPods-V2 textFields var 3-V2 textFields var 3UITests.a in Frameworks */,
			);
			runOnlyForDeploymentPostprocessing = 0;
		};
/* End PBXFrameworksBuildPhase section */

/* Begin PBXGroup section */
		3020818CE67A85E3D69E6322 /* Pods */ = {
			isa = PBXGroup;
			children = (
				0112045A50ED66E81C43BC1C /* Pods-V2 textFields var 3.debug.xcconfig */,
				1FA4B525C6047D631B42F332 /* Pods-V2 textFields var 3.release.xcconfig */,
				1425BAD2146E4382FF816957 /* Pods-V2 textFields var 3-V2 textFields var 3UITests.debug.xcconfig */,
				679DAA364AE21AB084134400 /* Pods-V2 textFields var 3-V2 textFields var 3UITests.release.xcconfig */,
				F29F111057365C62E1A79249 /* Pods-V2 textFields var 3Tests.debug.xcconfig */,
				A872FB1BE7E07AA4F7FA766C /* Pods-V2 textFields var 3Tests.release.xcconfig */,
			);
			path = Pods;
			sourceTree = "<group>";
		};
		4C7A1CD37E690B17778836E8 /* Frameworks */ = {
			isa = PBXGroup;
			children = (
				FC8932A49F0497A45181E083 /* libPods-V2 textFields var 3.a */,
				6291C734A1D99664E203CECE /* libPods-V2 textFields var 3-V2 textFields var 3UITests.a */,
				65D2F36E7405571E75115E61 /* libPods-V2 textFields var 3Tests.a */,
			);
			name = Frameworks;
			sourceTree = "<group>";
		};
		FA96952829B658BF001F362B /* Fonts */ = {
			isa = PBXGroup;
			children = (
				FA96952A29B658E5001F362B /* Rubik-Medium.ttf */,
				FA96952B29B658E5001F362B /* Rubik-Regular.ttf */,
				FA96952929B658E5001F362B /* Rubik-SemiBold.ttf */,
			);
			path = Fonts;
			sourceTree = "<group>";
		};
		FAA2EA1929B50F1E00C561E9 = {
			isa = PBXGroup;
			children = (
				FAA2EA2429B50F1F00C561E9 /* V2 textFields var 3 */,
				FAA2EA3B29B50F2400C561E9 /* V2 textFields var 3Tests */,
				FAA2EA4529B50F2400C561E9 /* V2 textFields var 3UITests */,
				FAA2EA2329B50F1F00C561E9 /* Products */,
				3020818CE67A85E3D69E6322 /* Pods */,
				4C7A1CD37E690B17778836E8 /* Frameworks */,
			);
			sourceTree = "<group>";
		};
		FAA2EA2329B50F1F00C561E9 /* Products */ = {
			isa = PBXGroup;
			children = (
				FAA2EA2229B50F1F00C561E9 /* V2 textFields var 3.app */,
				FAA2EA3829B50F2400C561E9 /* V2 textFields var 3Tests.xctest */,
				FAA2EA4229B50F2400C561E9 /* V2 textFields var 3UITests.xctest */,
			);
			name = Products;
			sourceTree = "<group>";
		};
		FAA2EA2429B50F1F00C561E9 /* V2 textFields var 3 */ = {
			isa = PBXGroup;
			children = (
				FAA563D529B5BFBF000DF576 /* Other */,
				FAA2EA5829B5130A00C561E9 /* Views */,
				FAA2EA5629B512DD00C561E9 /* Controllers */,
				FAA2EA5729B512F400C561E9 /* Assets */,
				FAA2EA3329B50F2300C561E9 /* Info.plist */,
				FA96952829B658BF001F362B /* Fonts */,
			);
			path = "V2 textFields var 3";
			sourceTree = "<group>";
		};
		FAA2EA3B29B50F2400C561E9 /* V2 textFields var 3Tests */ = {
			isa = PBXGroup;
			children = (
				FAA2EA3C29B50F2400C561E9 /* V2_textFields_var_3Tests.swift */,
			);
			path = "V2 textFields var 3Tests";
			sourceTree = "<group>";
		};
		FAA2EA4529B50F2400C561E9 /* V2 textFields var 3UITests */ = {
			isa = PBXGroup;
			children = (
				FAA2EA4629B50F2400C561E9 /* V2_textFields_var_3UITests.swift */,
				FAA2EA4829B50F2400C561E9 /* V2_textFields_var_3UITestsLaunchTests.swift */,
			);
			path = "V2 textFields var 3UITests";
			sourceTree = "<group>";
		};
		FAA2EA5629B512DD00C561E9 /* Controllers */ = {
			isa = PBXGroup;
			children = (
				FAA563D629B5BFFE000DF576 /* MainViewController.swift */,
			);
			path = Controllers;
			sourceTree = "<group>";
		};
		FAA2EA5729B512F400C561E9 /* Assets */ = {
			isa = PBXGroup;
			children = (
				FAA2EA2E29B50F2300C561E9 /* Assets.xcassets */,
			);
			path = Assets;
			sourceTree = "<group>";
		};
		FAA2EA5829B5130A00C561E9 /* Views */ = {
			isa = PBXGroup;
			children = (
				FAA2EA5929B5136900C561E9 /* NoDigitsView.swift */,
				FAA2EA5B29B5138B00C561E9 /* InputLimitView.swift */,
				FAA2EA5D29B513AF00C561E9 /* OnlyCharView.swift */,
				FAA2EA5F29B513CC00C561E9 /* LinkView.swift */,
				FAA2EA6129B513F100C561E9 /* PasswordView.swift */,
			);
			path = Views;
			sourceTree = "<group>";
		};
		FAA563D529B5BFBF000DF576 /* Other */ = {
			isa = PBXGroup;
			children = (
				FAA2EA2529B50F1F00C561E9 /* AppDelegate.swift */,
				FAA2EA2729B50F1F00C561E9 /* SceneDelegate.swift */,
				FAA563D829B64108000DF576 /* UIResponder+Utils.swift */,
			);
			path = Other;
			sourceTree = "<group>";
		};
/* End PBXGroup section */

/* Begin PBXNativeTarget section */
		FAA2EA2129B50F1E00C561E9 /* V2 textFields var 3 */ = {
			isa = PBXNativeTarget;
			buildConfigurationList = FAA2EA4C29B50F2400C561E9 /* Build configuration list for PBXNativeTarget "V2 textFields var 3" */;
			buildPhases = (
				99C70CAF0839C2D510AA0C03 /* [CP] Check Pods Manifest.lock */,
				FAA2EA1E29B50F1E00C561E9 /* Sources */,
				FAA2EA1F29B50F1E00C561E9 /* Frameworks */,
				FAA2EA2029B50F1E00C561E9 /* Resources */,
			);
			buildRules = (
			);
			dependencies = (
			);
			name = "V2 textFields var 3";
			productName = "V2 textFields var 3";
			productReference = FAA2EA2229B50F1F00C561E9 /* V2 textFields var 3.app */;
			productType = "com.apple.product-type.application";
		};
		FAA2EA3729B50F2400C561E9 /* V2 textFields var 3Tests */ = {
			isa = PBXNativeTarget;
			buildConfigurationList = FAA2EA4F29B50F2400C561E9 /* Build configuration list for PBXNativeTarget "V2 textFields var 3Tests" */;
			buildPhases = (
				317AB4C88767BB79AD2CE9E0 /* [CP] Check Pods Manifest.lock */,
				FAA2EA3429B50F2400C561E9 /* Sources */,
				FAA2EA3529B50F2400C561E9 /* Frameworks */,
				FAA2EA3629B50F2400C561E9 /* Resources */,
			);
			buildRules = (
			);
			dependencies = (
				FAA2EA3A29B50F2400C561E9 /* PBXTargetDependency */,
			);
			name = "V2 textFields var 3Tests";
			productName = "V2 textFields var 3Tests";
			productReference = FAA2EA3829B50F2400C561E9 /* V2 textFields var 3Tests.xctest */;
			productType = "com.apple.product-type.bundle.unit-test";
		};
		FAA2EA4129B50F2400C561E9 /* V2 textFields var 3UITests */ = {
			isa = PBXNativeTarget;
			buildConfigurationList = FAA2EA5229B50F2400C561E9 /* Build configuration list for PBXNativeTarget "V2 textFields var 3UITests" */;
			buildPhases = (
				0EB4683852B7F07D500994DB /* [CP] Check Pods Manifest.lock */,
				FAA2EA3E29B50F2400C561E9 /* Sources */,
				FAA2EA3F29B50F2400C561E9 /* Frameworks */,
				FAA2EA4029B50F2400C561E9 /* Resources */,
			);
			buildRules = (
			);
			dependencies = (
				FAA2EA4429B50F2400C561E9 /* PBXTargetDependency */,
			);
			name = "V2 textFields var 3UITests";
			productName = "V2 textFields var 3UITests";
			productReference = FAA2EA4229B50F2400C561E9 /* V2 textFields var 3UITests.xctest */;
			productType = "com.apple.product-type.bundle.ui-testing";
		};
/* End PBXNativeTarget section */

/* Begin PBXProject section */
		FAA2EA1A29B50F1E00C561E9 /* Project object */ = {
			isa = PBXProject;
			attributes = {
				BuildIndependentTargetsInParallel = 1;
				LastSwiftUpdateCheck = 1420;
				LastUpgradeCheck = 1420;
				TargetAttributes = {
					FAA2EA2129B50F1E00C561E9 = {
						CreatedOnToolsVersion = 14.2;
					};
					FAA2EA3729B50F2400C561E9 = {
						CreatedOnToolsVersion = 14.2;
						TestTargetID = FAA2EA2129B50F1E00C561E9;
					};
					FAA2EA4129B50F2400C561E9 = {
						CreatedOnToolsVersion = 14.2;
						TestTargetID = FAA2EA2129B50F1E00C561E9;
					};
				};
			};
			buildConfigurationList = FAA2EA1D29B50F1E00C561E9 /* Build configuration list for PBXProject "V2 textFields var 3" */;
			compatibilityVersion = "Xcode 14.0";
			developmentRegion = en;
			hasScannedForEncodings = 0;
			knownRegions = (
				en,
				Base,
			);
			mainGroup = FAA2EA1929B50F1E00C561E9;
			productRefGroup = FAA2EA2329B50F1F00C561E9 /* Products */;
			projectDirPath = "";
			projectRoot = "";
			targets = (
				FAA2EA2129B50F1E00C561E9 /* V2 textFields var 3 */,
				FAA2EA3729B50F2400C561E9 /* V2 textFields var 3Tests */,
				FAA2EA4129B50F2400C561E9 /* V2 textFields var 3UITests */,
			);
		};
/* End PBXProject section */

/* Begin PBXResourcesBuildPhase section */
		FAA2EA2029B50F1E00C561E9 /* Resources */ = {
			isa = PBXResourcesBuildPhase;
			buildActionMask = 2147483647;
			files = (
				FA96952D29B658E5001F362B /* Rubik-Medium.ttf in Resources */,
				FA96952E29B658E5001F362B /* Rubik-Regular.ttf in Resources */,
				FAA2EA2F29B50F2300C561E9 /* Assets.xcassets in Resources */,
				FA96952C29B658E5001F362B /* Rubik-SemiBold.ttf in Resources */,
			);
			runOnlyForDeploymentPostprocessing = 0;
		};
		FAA2EA3629B50F2400C561E9 /* Resources */ = {
			isa = PBXResourcesBuildPhase;
			buildActionMask = 2147483647;
			files = (
			);
			runOnlyForDeploymentPostprocessing = 0;
		};
		FAA2EA4029B50F2400C561E9 /* Resources */ = {
			isa = PBXResourcesBuildPhase;
			buildActionMask = 2147483647;
			files = (
			);
			runOnlyForDeploymentPostprocessing = 0;
		};
/* End PBXResourcesBuildPhase section */

/* Begin PBXShellScriptBuildPhase section */
		0EB4683852B7F07D500994DB /* [CP] Check Pods Manifest.lock */ = {
			isa = PBXShellScriptBuildPhase;
			buildActionMask = 2147483647;
			files = (
			);
			inputFileListPaths = (
			);
			inputPaths = (
				"${PODS_PODFILE_DIR_PATH}/Podfile.lock",
				"${PODS_ROOT}/Manifest.lock",
			);
			name = "[CP] Check Pods Manifest.lock";
			outputFileListPaths = (
			);
			outputPaths = (
				"$(DERIVED_FILE_DIR)/Pods-V2 textFields var 3-V2 textFields var 3UITests-checkManifestLockResult.txt",
			);
			runOnlyForDeploymentPostprocessing = 0;
			shellPath = /bin/sh;
			shellScript = "diff \"${PODS_PODFILE_DIR_PATH}/Podfile.lock\" \"${PODS_ROOT}/Manifest.lock\" > /dev/null\nif [ $? != 0 ] ; then\n    # print error to STDERR\n    echo \"error: The sandbox is not in sync with the Podfile.lock. Run 'pod install' or update your CocoaPods installation.\" >&2\n    exit 1\nfi\n# This output is used by Xcode 'outputs' to avoid re-running this script phase.\necho \"SUCCESS\" > \"${SCRIPT_OUTPUT_FILE_0}\"\n";
			showEnvVarsInLog = 0;
		};
		317AB4C88767BB79AD2CE9E0 /* [CP] Check Pods Manifest.lock */ = {
			isa = PBXShellScriptBuildPhase;
			buildActionMask = 2147483647;
			files = (
			);
			inputFileListPaths = (
			);
			inputPaths = (
				"${PODS_PODFILE_DIR_PATH}/Podfile.lock",
				"${PODS_ROOT}/Manifest.lock",
			);
			name = "[CP] Check Pods Manifest.lock";
			outputFileListPaths = (
			);
			outputPaths = (
				"$(DERIVED_FILE_DIR)/Pods-V2 textFields var 3Tests-checkManifestLockResult.txt",
			);
			runOnlyForDeploymentPostprocessing = 0;
			shellPath = /bin/sh;
			shellScript = "diff \"${PODS_PODFILE_DIR_PATH}/Podfile.lock\" \"${PODS_ROOT}/Manifest.lock\" > /dev/null\nif [ $? != 0 ] ; then\n    # print error to STDERR\n    echo \"error: The sandbox is not in sync with the Podfile.lock. Run 'pod install' or update your CocoaPods installation.\" >&2\n    exit 1\nfi\n# This output is used by Xcode 'outputs' to avoid re-running this script phase.\necho \"SUCCESS\" > \"${SCRIPT_OUTPUT_FILE_0}\"\n";
			showEnvVarsInLog = 0;
		};
		99C70CAF0839C2D510AA0C03 /* [CP] Check Pods Manifest.lock */ = {
			isa = PBXShellScriptBuildPhase;
			buildActionMask = 2147483647;
			files = (
			);
			inputFileListPaths = (
			);
			inputPaths = (
				"${PODS_PODFILE_DIR_PATH}/Podfile.lock",
				"${PODS_ROOT}/Manifest.lock",
			);
			name = "[CP] Check Pods Manifest.lock";
			outputFileListPaths = (
			);
			outputPaths = (
				"$(DERIVED_FILE_DIR)/Pods-V2 textFields var 3-checkManifestLockResult.txt",
			);
			runOnlyForDeploymentPostprocessing = 0;
			shellPath = /bin/sh;
			shellScript = "diff \"${PODS_PODFILE_DIR_PATH}/Podfile.lock\" \"${PODS_ROOT}/Manifest.lock\" > /dev/null\nif [ $? != 0 ] ; then\n    # print error to STDERR\n    echo \"error: The sandbox is not in sync with the Podfile.lock. Run 'pod install' or update your CocoaPods installation.\" >&2\n    exit 1\nfi\n# This output is used by Xcode 'outputs' to avoid re-running this script phase.\necho \"SUCCESS\" > \"${SCRIPT_OUTPUT_FILE_0}\"\n";
			showEnvVarsInLog = 0;
		};
/* End PBXShellScriptBuildPhase section */

/* Begin PBXSourcesBuildPhase section */
		FAA2EA1E29B50F1E00C561E9 /* Sources */ = {
			isa = PBXSourcesBuildPhase;
			buildActionMask = 2147483647;
			files = (
				FAA563D929B64108000DF576 /* UIResponder+Utils.swift in Sources */,
				FAA2EA5A29B5136900C561E9 /* NoDigitsView.swift in Sources */,
				FAA2EA5E29B513AF00C561E9 /* OnlyCharView.swift in Sources */,
				FAA2EA6229B513F100C561E9 /* PasswordView.swift in Sources */,
				FAA2EA2629B50F1F00C561E9 /* AppDelegate.swift in Sources */,
				FAA2EA2829B50F1F00C561E9 /* SceneDelegate.swift in Sources */,
				FAA563D729B5BFFE000DF576 /* MainViewController.swift in Sources */,
				FAA2EA6029B513CC00C561E9 /* LinkView.swift in Sources */,
				FAA2EA5C29B5138B00C561E9 /* InputLimitView.swift in Sources */,
			);
			runOnlyForDeploymentPostprocessing = 0;
		};
		FAA2EA3429B50F2400C561E9 /* Sources */ = {
			isa = PBXSourcesBuildPhase;
			buildActionMask = 2147483647;
			files = (
				FAA2EA3D29B50F2400C561E9 /* V2_textFields_var_3Tests.swift in Sources */,
			);
			runOnlyForDeploymentPostprocessing = 0;
		};
		FAA2EA3E29B50F2400C561E9 /* Sources */ = {
			isa = PBXSourcesBuildPhase;
			buildActionMask = 2147483647;
			files = (
				FAA2EA4929B50F2400C561E9 /* V2_textFields_var_3UITestsLaunchTests.swift in Sources */,
				FAA2EA4729B50F2400C561E9 /* V2_textFields_var_3UITests.swift in Sources */,
			);
			runOnlyForDeploymentPostprocessing = 0;
		};
/* End PBXSourcesBuildPhase section */

/* Begin PBXTargetDependency section */
		FAA2EA3A29B50F2400C561E9 /* PBXTargetDependency */ = {
			isa = PBXTargetDependency;
			target = FAA2EA2129B50F1E00C561E9 /* V2 textFields var 3 */;
			targetProxy = FAA2EA3929B50F2400C561E9 /* PBXContainerItemProxy */;
		};
		FAA2EA4429B50F2400C561E9 /* PBXTargetDependency */ = {
			isa = PBXTargetDependency;
			target = FAA2EA2129B50F1E00C561E9 /* V2 textFields var 3 */;
			targetProxy = FAA2EA4329B50F2400C561E9 /* PBXContainerItemProxy */;
		};
/* End PBXTargetDependency section */

/* Begin XCBuildConfiguration section */
		FAA2EA4A29B50F2400C561E9 /* Debug */ = {
			isa = XCBuildConfiguration;
			buildSettings = {
				ALWAYS_SEARCH_USER_PATHS = NO;
				CLANG_ANALYZER_NONNULL = YES;
				CLANG_ANALYZER_NUMBER_OBJECT_CONVERSION = YES_AGGRESSIVE;
				CLANG_CXX_LANGUAGE_STANDARD = "gnu++20";
				CLANG_ENABLE_MODULES = YES;
				CLANG_ENABLE_OBJC_ARC = YES;
				CLANG_ENABLE_OBJC_WEAK = YES;
				CLANG_WARN_BLOCK_CAPTURE_AUTORELEASING = YES;
				CLANG_WARN_BOOL_CONVERSION = YES;
				CLANG_WARN_COMMA = YES;
				CLANG_WARN_CONSTANT_CONVERSION = YES;
				CLANG_WARN_DEPRECATED_OBJC_IMPLEMENTATIONS = YES;
				CLANG_WARN_DIRECT_OBJC_ISA_USAGE = YES_ERROR;
				CLANG_WARN_DOCUMENTATION_COMMENTS = YES;
				CLANG_WARN_EMPTY_BODY = YES;
				CLANG_WARN_ENUM_CONVERSION = YES;
				CLANG_WARN_INFINITE_RECURSION = YES;
				CLANG_WARN_INT_CONVERSION = YES;
				CLANG_WARN_NON_LITERAL_NULL_CONVERSION = YES;
				CLANG_WARN_OBJC_IMPLICIT_RETAIN_SELF = YES;
				CLANG_WARN_OBJC_LITERAL_CONVERSION = YES;
				CLANG_WARN_OBJC_ROOT_CLASS = YES_ERROR;
				CLANG_WARN_QUOTED_INCLUDE_IN_FRAMEWORK_HEADER = YES;
				CLANG_WARN_RANGE_LOOP_ANALYSIS = YES;
				CLANG_WARN_STRICT_PROTOTYPES = YES;
				CLANG_WARN_SUSPICIOUS_MOVE = YES;
				CLANG_WARN_UNGUARDED_AVAILABILITY = YES_AGGRESSIVE;
				CLANG_WARN_UNREACHABLE_CODE = YES;
				CLANG_WARN__DUPLICATE_METHOD_MATCH = YES;
				COPY_PHASE_STRIP = NO;
				DEBUG_INFORMATION_FORMAT = dwarf;
				ENABLE_STRICT_OBJC_MSGSEND = YES;
				ENABLE_TESTABILITY = YES;
				GCC_C_LANGUAGE_STANDARD = gnu11;
				GCC_DYNAMIC_NO_PIC = NO;
				GCC_NO_COMMON_BLOCKS = YES;
				GCC_OPTIMIZATION_LEVEL = 0;
				GCC_PREPROCESSOR_DEFINITIONS = (
					"DEBUG=1",
					"$(inherited)",
				);
				GCC_WARN_64_TO_32_BIT_CONVERSION = YES;
				GCC_WARN_ABOUT_RETURN_TYPE = YES_ERROR;
				GCC_WARN_UNDECLARED_SELECTOR = YES;
				GCC_WARN_UNINITIALIZED_AUTOS = YES_AGGRESSIVE;
				GCC_WARN_UNUSED_FUNCTION = YES;
				GCC_WARN_UNUSED_VARIABLE = YES;
				IPHONEOS_DEPLOYMENT_TARGET = 16.2;
				MTL_ENABLE_DEBUG_INFO = INCLUDE_SOURCE;
				MTL_FAST_MATH = YES;
				ONLY_ACTIVE_ARCH = YES;
				SDKROOT = iphoneos;
				SWIFT_ACTIVE_COMPILATION_CONDITIONS = DEBUG;
				SWIFT_OPTIMIZATION_LEVEL = "-Onone";
			};
			name = Debug;
		};
		FAA2EA4B29B50F2400C561E9 /* Release */ = {
			isa = XCBuildConfiguration;
			buildSettings = {
				ALWAYS_SEARCH_USER_PATHS = NO;
				CLANG_ANALYZER_NONNULL = YES;
				CLANG_ANALYZER_NUMBER_OBJECT_CONVERSION = YES_AGGRESSIVE;
				CLANG_CXX_LANGUAGE_STANDARD = "gnu++20";
				CLANG_ENABLE_MODULES = YES;
				CLANG_ENABLE_OBJC_ARC = YES;
				CLANG_ENABLE_OBJC_WEAK = YES;
				CLANG_WARN_BLOCK_CAPTURE_AUTORELEASING = YES;
				CLANG_WARN_BOOL_CONVERSION = YES;
				CLANG_WARN_COMMA = YES;
				CLANG_WARN_CONSTANT_CONVERSION = YES;
				CLANG_WARN_DEPRECATED_OBJC_IMPLEMENTATIONS = YES;
				CLANG_WARN_DIRECT_OBJC_ISA_USAGE = YES_ERROR;
				CLANG_WARN_DOCUMENTATION_COMMENTS = YES;
				CLANG_WARN_EMPTY_BODY = YES;
				CLANG_WARN_ENUM_CONVERSION = YES;
				CLANG_WARN_INFINITE_RECURSION = YES;
				CLANG_WARN_INT_CONVERSION = YES;
				CLANG_WARN_NON_LITERAL_NULL_CONVERSION = YES;
				CLANG_WARN_OBJC_IMPLICIT_RETAIN_SELF = YES;
				CLANG_WARN_OBJC_LITERAL_CONVERSION = YES;
				CLANG_WARN_OBJC_ROOT_CLASS = YES_ERROR;
				CLANG_WARN_QUOTED_INCLUDE_IN_FRAMEWORK_HEADER = YES;
				CLANG_WARN_RANGE_LOOP_ANALYSIS = YES;
				CLANG_WARN_STRICT_PROTOTYPES = YES;
				CLANG_WARN_SUSPICIOUS_MOVE = YES;
				CLANG_WARN_UNGUARDED_AVAILABILITY = YES_AGGRESSIVE;
				CLANG_WARN_UNREACHABLE_CODE = YES;
				CLANG_WARN__DUPLICATE_METHOD_MATCH = YES;
				COPY_PHASE_STRIP = NO;
				DEBUG_INFORMATION_FORMAT = "dwarf-with-dsym";
				ENABLE_NS_ASSERTIONS = NO;
				ENABLE_STRICT_OBJC_MSGSEND = YES;
				GCC_C_LANGUAGE_STANDARD = gnu11;
				GCC_NO_COMMON_BLOCKS = YES;
				GCC_WARN_64_TO_32_BIT_CONVERSION = YES;
				GCC_WARN_ABOUT_RETURN_TYPE = YES_ERROR;
				GCC_WARN_UNDECLARED_SELECTOR = YES;
				GCC_WARN_UNINITIALIZED_AUTOS = YES_AGGRESSIVE;
				GCC_WARN_UNUSED_FUNCTION = YES;
				GCC_WARN_UNUSED_VARIABLE = YES;
				IPHONEOS_DEPLOYMENT_TARGET = 16.2;
				MTL_ENABLE_DEBUG_INFO = NO;
				MTL_FAST_MATH = YES;
				SDKROOT = iphoneos;
				SWIFT_COMPILATION_MODE = wholemodule;
				SWIFT_OPTIMIZATION_LEVEL = "-O";
				VALIDATE_PRODUCT = YES;
			};
			name = Release;
		};
		FAA2EA4D29B50F2400C561E9 /* Debug */ = {
			isa = XCBuildConfiguration;
			baseConfigurationReference = 0112045A50ED66E81C43BC1C /* Pods-V2 textFields var 3.debug.xcconfig */;
			buildSettings = {
				ASSETCATALOG_COMPILER_APPICON_NAME = AppIcon;
				ASSETCATALOG_COMPILER_GLOBAL_ACCENT_COLOR_NAME = AccentColor;
				CODE_SIGN_STYLE = Automatic;
				CURRENT_PROJECT_VERSION = 1;
				GENERATE_INFOPLIST_FILE = YES;
				INFOPLIST_FILE = "V2 textFields var 3/Info.plist";
				INFOPLIST_KEY_UIApplicationSupportsIndirectInputEvents = YES;
				INFOPLIST_KEY_UILaunchStoryboardName = LaunchScreen;
				INFOPLIST_KEY_UIMainStoryboardFile = "";
				"INFOPLIST_KEY_UIMainStoryboardFile[sdk=*]" = "";
				INFOPLIST_KEY_UISupportedInterfaceOrientations = UIInterfaceOrientationPortrait;
				INFOPLIST_KEY_UISupportedInterfaceOrientations_iPad = "UIInterfaceOrientationLandscapeLeft UIInterfaceOrientationLandscapeRight UIInterfaceOrientationPortrait UIInterfaceOrientationPortraitUpsideDown";
				IPHONEOS_DEPLOYMENT_TARGET = 13.0;
				LD_RUNPATH_SEARCH_PATHS = (
					"$(inherited)",
					"@executable_path/Frameworks",
				);
				MARKETING_VERSION = 1.0;
				PRODUCT_BUNDLE_IDENTIFIER = "alex.V2-textFields-var-3";
				PRODUCT_NAME = "$(TARGET_NAME)";
				SWIFT_EMIT_LOC_STRINGS = YES;
				SWIFT_VERSION = 5.0;
				TARGETED_DEVICE_FAMILY = "1,2";
			};
			name = Debug;
		};
		FAA2EA4E29B50F2400C561E9 /* Release */ = {
			isa = XCBuildConfiguration;
			baseConfigurationReference = 1FA4B525C6047D631B42F332 /* Pods-V2 textFields var 3.release.xcconfig */;
			buildSettings = {
				ASSETCATALOG_COMPILER_APPICON_NAME = AppIcon;
				ASSETCATALOG_COMPILER_GLOBAL_ACCENT_COLOR_NAME = AccentColor;
				CODE_SIGN_STYLE = Automatic;
				CURRENT_PROJECT_VERSION = 1;
				GENERATE_INFOPLIST_FILE = YES;
				INFOPLIST_FILE = "V2 textFields var 3/Info.plist";
				INFOPLIST_KEY_UIApplicationSupportsIndirectInputEvents = YES;
				INFOPLIST_KEY_UILaunchStoryboardName = LaunchScreen;
				INFOPLIST_KEY_UIMainStoryboardFile = "";
				INFOPLIST_KEY_UISupportedInterfaceOrientations = UIInterfaceOrientationPortrait;
				INFOPLIST_KEY_UISupportedInterfaceOrientations_iPad = "UIInterfaceOrientationLandscapeLeft UIInterfaceOrientationLandscapeRight UIInterfaceOrientationPortrait UIInterfaceOrientationPortraitUpsideDown";
				IPHONEOS_DEPLOYMENT_TARGET = 13.0;
				LD_RUNPATH_SEARCH_PATHS = (
					"$(inherited)",
					"@executable_path/Frameworks",
				);
				MARKETING_VERSION = 1.0;
				PRODUCT_BUNDLE_IDENTIFIER = "alex.V2-textFields-var-3";
				PRODUCT_NAME = "$(TARGET_NAME)";
				SWIFT_EMIT_LOC_STRINGS = YES;
				SWIFT_VERSION = 5.0;
				TARGETED_DEVICE_FAMILY = "1,2";
			};
			name = Release;
		};
		FAA2EA5029B50F2400C561E9 /* Debug */ = {
			isa = XCBuildConfiguration;
			baseConfigurationReference = F29F111057365C62E1A79249 /* Pods-V2 textFields var 3Tests.debug.xcconfig */;
			buildSettings = {
				ALWAYS_EMBED_SWIFT_STANDARD_LIBRARIES = YES;
				BUNDLE_LOADER = "$(TEST_HOST)";
				CODE_SIGN_STYLE = Automatic;
				CURRENT_PROJECT_VERSION = 1;
				GENERATE_INFOPLIST_FILE = YES;
				IPHONEOS_DEPLOYMENT_TARGET = 16.2;
				MARKETING_VERSION = 1.0;
				PRODUCT_BUNDLE_IDENTIFIER = "alex.V2-textFields-var-3Tests";
				PRODUCT_NAME = "$(TARGET_NAME)";
				SWIFT_EMIT_LOC_STRINGS = NO;
				SWIFT_VERSION = 5.0;
				TARGETED_DEVICE_FAMILY = "1,2";
				TEST_HOST = "$(BUILT_PRODUCTS_DIR)/V2 textFields var 3.app/$(BUNDLE_EXECUTABLE_FOLDER_PATH)/V2 textFields var 3";
			};
			name = Debug;
		};
		FAA2EA5129B50F2400C561E9 /* Release */ = {
			isa = XCBuildConfiguration;
			baseConfigurationReference = A872FB1BE7E07AA4F7FA766C /* Pods-V2 textFields var 3Tests.release.xcconfig */;
			buildSettings = {
				ALWAYS_EMBED_SWIFT_STANDARD_LIBRARIES = YES;
				BUNDLE_LOADER = "$(TEST_HOST)";
				CODE_SIGN_STYLE = Automatic;
				CURRENT_PROJECT_VERSION = 1;
				GENERATE_INFOPLIST_FILE = YES;
				IPHONEOS_DEPLOYMENT_TARGET = 16.2;
				MARKETING_VERSION = 1.0;
				PRODUCT_BUNDLE_IDENTIFIER = "alex.V2-textFields-var-3Tests";
				PRODUCT_NAME = "$(TARGET_NAME)";
				SWIFT_EMIT_LOC_STRINGS = NO;
				SWIFT_VERSION = 5.0;
				TARGETED_DEVICE_FAMILY = "1,2";
				TEST_HOST = "$(BUILT_PRODUCTS_DIR)/V2 textFields var 3.app/$(BUNDLE_EXECUTABLE_FOLDER_PATH)/V2 textFields var 3";
			};
			name = Release;
		};
		FAA2EA5329B50F2400C561E9 /* Debug */ = {
			isa = XCBuildConfiguration;
			baseConfigurationReference = 1425BAD2146E4382FF816957 /* Pods-V2 textFields var 3-V2 textFields var 3UITests.debug.xcconfig */;
			buildSettings = {
				ALWAYS_EMBED_SWIFT_STANDARD_LIBRARIES = YES;
				CODE_SIGN_STYLE = Automatic;
				CURRENT_PROJECT_VERSION = 1;
				GENERATE_INFOPLIST_FILE = YES;
				MARKETING_VERSION = 1.0;
				PRODUCT_BUNDLE_IDENTIFIER = "alex.V2-textFields-var-3UITests";
				PRODUCT_NAME = "$(TARGET_NAME)";
				SWIFT_EMIT_LOC_STRINGS = NO;
				SWIFT_VERSION = 5.0;
				TARGETED_DEVICE_FAMILY = "1,2";
				TEST_TARGET_NAME = "V2 textFields var 3";
			};
			name = Debug;
		};
		FAA2EA5429B50F2400C561E9 /* Release */ = {
			isa = XCBuildConfiguration;
			baseConfigurationReference = 679DAA364AE21AB084134400 /* Pods-V2 textFields var 3-V2 textFields var 3UITests.release.xcconfig */;
			buildSettings = {
				ALWAYS_EMBED_SWIFT_STANDARD_LIBRARIES = YES;
				CODE_SIGN_STYLE = Automatic;
				CURRENT_PROJECT_VERSION = 1;
				GENERATE_INFOPLIST_FILE = YES;
				MARKETING_VERSION = 1.0;
				PRODUCT_BUNDLE_IDENTIFIER = "alex.V2-textFields-var-3UITests";
				PRODUCT_NAME = "$(TARGET_NAME)";
				SWIFT_EMIT_LOC_STRINGS = NO;
				SWIFT_VERSION = 5.0;
				TARGETED_DEVICE_FAMILY = "1,2";
				TEST_TARGET_NAME = "V2 textFields var 3";
			};
			name = Release;
		};
/* End XCBuildConfiguration section */

/* Begin XCConfigurationList section */
		FAA2EA1D29B50F1E00C561E9 /* Build configuration list for PBXProject "V2 textFields var 3" */ = {
			isa = XCConfigurationList;
			buildConfigurations = (
				FAA2EA4A29B50F2400C561E9 /* Debug */,
				FAA2EA4B29B50F2400C561E9 /* Release */,
			);
			defaultConfigurationIsVisible = 0;
			defaultConfigurationName = Release;
		};
		FAA2EA4C29B50F2400C561E9 /* Build configuration list for PBXNativeTarget "V2 textFields var 3" */ = {
			isa = XCConfigurationList;
			buildConfigurations = (
				FAA2EA4D29B50F2400C561E9 /* Debug */,
				FAA2EA4E29B50F2400C561E9 /* Release */,
			);
			defaultConfigurationIsVisible = 0;
			defaultConfigurationName = Release;
		};
		FAA2EA4F29B50F2400C561E9 /* Build configuration list for PBXNativeTarget "V2 textFields var 3Tests" */ = {
			isa = XCConfigurationList;
			buildConfigurations = (
				FAA2EA5029B50F2400C561E9 /* Debug */,
				FAA2EA5129B50F2400C561E9 /* Release */,
			);
			defaultConfigurationIsVisible = 0;
			defaultConfigurationName = Release;
		};
		FAA2EA5229B50F2400C561E9 /* Build configuration list for PBXNativeTarget "V2 textFields var 3UITests" */ = {
			isa = XCConfigurationList;
			buildConfigurations = (
				FAA2EA5329B50F2400C561E9 /* Debug */,
				FAA2EA5429B50F2400C561E9 /* Release */,
			);
			defaultConfigurationIsVisible = 0;
			defaultConfigurationName = Release;
		};
/* End XCConfigurationList section */
	};
	rootObject = FAA2EA1A29B50F1E00C561E9 /* Project object */;
}
